// !$*UTF8*$!
{
	archiveVersion = 1;
	classes = {
	};
	objectVersion = 50;
	objects = {

/* Begin PBXBuildFile section */
		7000530328B70CE60062F749 /* DataManagerMock.swift in Sources */ = {isa = PBXBuildFile; fileRef = 7000530228B70CE60062F749 /* DataManagerMock.swift */; };
		7000530528B71A2D0062F749 /* ConnectivityMock.swift in Sources */ = {isa = PBXBuildFile; fileRef = 7000530428B71A2D0062F749 /* ConnectivityMock.swift */; };
		70335424263DA92F000C67D9 /* AppDelegate.swift in Sources */ = {isa = PBXBuildFile; fileRef = 70335423263DA92F000C67D9 /* AppDelegate.swift */; };
		70335426263DA92F000C67D9 /* SceneDelegate.swift in Sources */ = {isa = PBXBuildFile; fileRef = 70335425263DA92F000C67D9 /* SceneDelegate.swift */; };
		70335428263DA92F000C67D9 /* HomeViewController.swift in Sources */ = {isa = PBXBuildFile; fileRef = 70335427263DA92F000C67D9 /* HomeViewController.swift */; };
		7033542E263DA92F000C67D9 /* CurrencyConverter.xcdatamodeld in Sources */ = {isa = PBXBuildFile; fileRef = 7033542C263DA92F000C67D9 /* CurrencyConverter.xcdatamodeld */; };
		70335430263DA932000C67D9 /* Assets.xcassets in Resources */ = {isa = PBXBuildFile; fileRef = 7033542F263DA932000C67D9 /* Assets.xcassets */; };
		70335433263DA932000C67D9 /* LaunchScreen.storyboard in Resources */ = {isa = PBXBuildFile; fileRef = 70335431263DA932000C67D9 /* LaunchScreen.storyboard */; };
		70335449263DA932000C67D9 /* CurrencyConverterUITests.swift in Sources */ = {isa = PBXBuildFile; fileRef = 70335448263DA932000C67D9 /* CurrencyConverterUITests.swift */; };
		7033545B263DAB98000C67D9 /* NetworkTarget.swift in Sources */ = {isa = PBXBuildFile; fileRef = 7033545A263DAB98000C67D9 /* NetworkTarget.swift */; };
		70335463263DACE3000C67D9 /* NetworkConstants.swift in Sources */ = {isa = PBXBuildFile; fileRef = 70335462263DACE3000C67D9 /* NetworkConstants.swift */; };
		70335468263DAEA9000C67D9 /* NetworkService.swift in Sources */ = {isa = PBXBuildFile; fileRef = 70335467263DAEA9000C67D9 /* NetworkService.swift */; };
		7033546E263DB435000C67D9 /* Codable+Extension.swift in Sources */ = {isa = PBXBuildFile; fileRef = 7033546D263DB435000C67D9 /* Codable+Extension.swift */; };
		70335477263DB82F000C67D9 /* CurrencyTarget.swift in Sources */ = {isa = PBXBuildFile; fileRef = 70335476263DB82F000C67D9 /* CurrencyTarget.swift */; };
		7033547C263DBCE8000C67D9 /* CurrencyService.swift in Sources */ = {isa = PBXBuildFile; fileRef = 7033547B263DBCE8000C67D9 /* CurrencyService.swift */; };
		70335482263E231F000C67D9 /* CurrenciesResponseModel.swift in Sources */ = {isa = PBXBuildFile; fileRef = 70335481263E231F000C67D9 /* CurrenciesResponseModel.swift */; };
		7033548B263E429C000C67D9 /* Coordinator.swift in Sources */ = {isa = PBXBuildFile; fileRef = 7033548A263E429C000C67D9 /* Coordinator.swift */; };
		70335493263E42CD000C67D9 /* CoordinatorOutput.swift in Sources */ = {isa = PBXBuildFile; fileRef = 70335492263E42CD000C67D9 /* CoordinatorOutput.swift */; };
		70335498263E42E1000C67D9 /* Presentable.swift in Sources */ = {isa = PBXBuildFile; fileRef = 70335497263E42E1000C67D9 /* Presentable.swift */; };
		7033549E263E4332000C67D9 /* BaseCoordinator.swift in Sources */ = {isa = PBXBuildFile; fileRef = 7033549D263E4332000C67D9 /* BaseCoordinator.swift */; };
		703354A4263E436C000C67D9 /* Router.swift in Sources */ = {isa = PBXBuildFile; fileRef = 703354A3263E436C000C67D9 /* Router.swift */; };
		703354A9263E43DA000C67D9 /* RouterProtocol.swift in Sources */ = {isa = PBXBuildFile; fileRef = 703354A8263E43DA000C67D9 /* RouterProtocol.swift */; };
		703354AF263E45F2000C67D9 /* CoordinatorFactory.swift in Sources */ = {isa = PBXBuildFile; fileRef = 703354AE263E45F2000C67D9 /* CoordinatorFactory.swift */; };
		703354B6263E464B000C67D9 /* HomeCoordinator.swift in Sources */ = {isa = PBXBuildFile; fileRef = 703354B5263E464B000C67D9 /* HomeCoordinator.swift */; };
		703354BC263E4687000C67D9 /* HomeModuleFactory.swift in Sources */ = {isa = PBXBuildFile; fileRef = 703354BB263E4687000C67D9 /* HomeModuleFactory.swift */; };
		703354C4263E46DB000C67D9 /* ModuleFactory.swift in Sources */ = {isa = PBXBuildFile; fileRef = 703354C3263E46DB000C67D9 /* ModuleFactory.swift */; };
		705A921F263EE84600D9FC95 /* AppCoordinator.swift in Sources */ = {isa = PBXBuildFile; fileRef = 705A921E263EE84600D9FC95 /* AppCoordinator.swift */; };
		705A9226263EE9A500D9FC95 /* ViewCoding.swift in Sources */ = {isa = PBXBuildFile; fileRef = 705A9225263EE9A500D9FC95 /* ViewCoding.swift */; };
		705A9232263EED9600D9FC95 /* UIView+Extension.swift in Sources */ = {isa = PBXBuildFile; fileRef = 705A9231263EED9600D9FC95 /* UIView+Extension.swift */; };
		705A923E263EF33A00D9FC95 /* SelectCurrencyViewController.swift in Sources */ = {isa = PBXBuildFile; fileRef = 705A923D263EF33A00D9FC95 /* SelectCurrencyViewController.swift */; };
		705A9243263EF5BA00D9FC95 /* SelectCurrencyModuleFactory.swift in Sources */ = {isa = PBXBuildFile; fileRef = 705A9242263EF5BA00D9FC95 /* SelectCurrencyModuleFactory.swift */; };
		705A9248263EFDEC00D9FC95 /* HomeConvertViewModel.swift in Sources */ = {isa = PBXBuildFile; fileRef = 705A9247263EFDEC00D9FC95 /* HomeConvertViewModel.swift */; };
		705A924D263F014B00D9FC95 /* ConversionResponseModel.swift in Sources */ = {isa = PBXBuildFile; fileRef = 705A924C263F014B00D9FC95 /* ConversionResponseModel.swift */; };
		705A9252263F3D7A00D9FC95 /* SelectCurrencyDelegate.swift in Sources */ = {isa = PBXBuildFile; fileRef = 705A9251263F3D7A00D9FC95 /* SelectCurrencyDelegate.swift */; };
		705A9257263F427D00D9FC95 /* SelectCurrencyTableViewCell.swift in Sources */ = {isa = PBXBuildFile; fileRef = 705A9256263F427D00D9FC95 /* SelectCurrencyTableViewCell.swift */; };
		705A925F263F4A2600D9FC95 /* SelectCurrencyViewModel.swift in Sources */ = {isa = PBXBuildFile; fileRef = 705A925E263F4A2600D9FC95 /* SelectCurrencyViewModel.swift */; };
		705A9265263F62D700D9FC95 /* CCButton.swift in Sources */ = {isa = PBXBuildFile; fileRef = 705A9264263F62D700D9FC95 /* CCButton.swift */; };
		705A926D263F6D0400D9FC95 /* CCSelectionCurrencyView.swift in Sources */ = {isa = PBXBuildFile; fileRef = 705A926C263F6D0400D9FC95 /* CCSelectionCurrencyView.swift */; };
		705A9279263F83E300D9FC95 /* CoreDataStack.swift in Sources */ = {isa = PBXBuildFile; fileRef = 705A9278263F83E300D9FC95 /* CoreDataStack.swift */; };
		705A9281263F86D800D9FC95 /* CoreDataController.swift in Sources */ = {isa = PBXBuildFile; fileRef = 705A9280263F86D800D9FC95 /* CoreDataController.swift */; };
		705A9286263F873C00D9FC95 /* DataManager.swift in Sources */ = {isa = PBXBuildFile; fileRef = 705A9285263F873C00D9FC95 /* DataManager.swift */; };
		70A064E4264184CF00370E53 /* HomeViewModelTest.swift in Sources */ = {isa = PBXBuildFile; fileRef = 70A064E3264184CF00370E53 /* HomeViewModelTest.swift */; };
		70A064EC2641859800370E53 /* CurrencyServiceMock.swift in Sources */ = {isa = PBXBuildFile; fileRef = 70A064EB2641859800370E53 /* CurrencyServiceMock.swift */; };
		70A064F12641871400370E53 /* TestDataGenerator.swift in Sources */ = {isa = PBXBuildFile; fileRef = 70A064F02641871400370E53 /* TestDataGenerator.swift */; };
		70A064F626418C2400370E53 /* HomeViewMock.swift in Sources */ = {isa = PBXBuildFile; fileRef = 70A064F526418C2400370E53 /* HomeViewMock.swift */; };
		70A065002641E0B000370E53 /* DataManagerTest.swift in Sources */ = {isa = PBXBuildFile; fileRef = 70A064FF2641E0B000370E53 /* DataManagerTest.swift */; };
		70A0650626421AF800370E53 /* SelectCurrencyViewModelTest.swift in Sources */ = {isa = PBXBuildFile; fileRef = 70A0650526421AF800370E53 /* SelectCurrencyViewModelTest.swift */; };
		70A0650E26421B0F00370E53 /* SelectCurrencyViewMock.swift in Sources */ = {isa = PBXBuildFile; fileRef = 70A0650D26421B0F00370E53 /* SelectCurrencyViewMock.swift */; };
		70ED454A26403061006E4FBA /* Connectivity.swift in Sources */ = {isa = PBXBuildFile; fileRef = 70ED454926403061006E4FBA /* Connectivity.swift */; };
		70ED455D26403C00006E4FBA /* SelectCurrencyFilter.swift in Sources */ = {isa = PBXBuildFile; fileRef = 70ED455C26403C00006E4FBA /* SelectCurrencyFilter.swift */; };
		70ED4563264093EC006E4FBA /* UserDefaults+Extension.swift in Sources */ = {isa = PBXBuildFile; fileRef = 70ED4562264093EC006E4FBA /* UserDefaults+Extension.swift */; };
		70ED456A2640BD9F006E4FBA /* SelectCurrencyViewController+DelegateDataSource.swift in Sources */ = {isa = PBXBuildFile; fileRef = 70ED45692640BD9F006E4FBA /* SelectCurrencyViewController+DelegateDataSource.swift */; };
		70ED45722640C197006E4FBA /* CCTextField.swift in Sources */ = {isa = PBXBuildFile; fileRef = 70ED45712640C197006E4FBA /* CCTextField.swift */; };
		70ED45772640D935006E4FBA /* CurrencyServiceError.swift in Sources */ = {isa = PBXBuildFile; fileRef = 70ED45762640D935006E4FBA /* CurrencyServiceError.swift */; };
		70ED457C2640DAFC006E4FBA /* RequestErrorModel.swift in Sources */ = {isa = PBXBuildFile; fileRef = 70ED457B2640DAFC006E4FBA /* RequestErrorModel.swift */; };
/* End PBXBuildFile section */

/* Begin PBXContainerItemProxy section */
		7033543A263DA932000C67D9 /* PBXContainerItemProxy */ = {
			isa = PBXContainerItemProxy;
			containerPortal = 70335418263DA92F000C67D9 /* Project object */;
			proxyType = 1;
			remoteGlobalIDString = 7033541F263DA92F000C67D9;
			remoteInfo = CurrencyConverter;
		};
		70335445263DA932000C67D9 /* PBXContainerItemProxy */ = {
			isa = PBXContainerItemProxy;
			containerPortal = 70335418263DA92F000C67D9 /* Project object */;
			proxyType = 1;
			remoteGlobalIDString = 7033541F263DA92F000C67D9;
			remoteInfo = CurrencyConverter;
		};
/* End PBXContainerItemProxy section */

/* Begin PBXFileReference section */
		7000530228B70CE60062F749 /* DataManagerMock.swift */ = {isa = PBXFileReference; lastKnownFileType = sourcecode.swift; path = DataManagerMock.swift; sourceTree = "<group>"; };
		7000530428B71A2D0062F749 /* ConnectivityMock.swift */ = {isa = PBXFileReference; lastKnownFileType = sourcecode.swift; path = ConnectivityMock.swift; sourceTree = "<group>"; };
		70335420263DA92F000C67D9 /* CurrencyConverter.app */ = {isa = PBXFileReference; explicitFileType = wrapper.application; includeInIndex = 0; path = CurrencyConverter.app; sourceTree = BUILT_PRODUCTS_DIR; };
		70335423263DA92F000C67D9 /* AppDelegate.swift */ = {isa = PBXFileReference; lastKnownFileType = sourcecode.swift; path = AppDelegate.swift; sourceTree = "<group>"; };
		70335425263DA92F000C67D9 /* SceneDelegate.swift */ = {isa = PBXFileReference; lastKnownFileType = sourcecode.swift; path = SceneDelegate.swift; sourceTree = "<group>"; };
		70335427263DA92F000C67D9 /* HomeViewController.swift */ = {isa = PBXFileReference; lastKnownFileType = sourcecode.swift; path = HomeViewController.swift; sourceTree = "<group>"; };
		7033542D263DA92F000C67D9 /* CurrencyConverter.xcdatamodel */ = {isa = PBXFileReference; lastKnownFileType = wrapper.xcdatamodel; path = CurrencyConverter.xcdatamodel; sourceTree = "<group>"; };
		7033542F263DA932000C67D9 /* Assets.xcassets */ = {isa = PBXFileReference; lastKnownFileType = folder.assetcatalog; path = Assets.xcassets; sourceTree = "<group>"; };
		70335432263DA932000C67D9 /* Base */ = {isa = PBXFileReference; lastKnownFileType = file.storyboard; name = Base; path = Base.lproj/LaunchScreen.storyboard; sourceTree = "<group>"; };
		70335434263DA932000C67D9 /* Info.plist */ = {isa = PBXFileReference; lastKnownFileType = text.plist.xml; path = Info.plist; sourceTree = "<group>"; };
		70335439263DA932000C67D9 /* CurrencyConverterTests.xctest */ = {isa = PBXFileReference; explicitFileType = wrapper.cfbundle; includeInIndex = 0; path = CurrencyConverterTests.xctest; sourceTree = BUILT_PRODUCTS_DIR; };
		7033543F263DA932000C67D9 /* Info.plist */ = {isa = PBXFileReference; lastKnownFileType = text.plist.xml; path = Info.plist; sourceTree = "<group>"; };
		70335444263DA932000C67D9 /* CurrencyConverterUITests.xctest */ = {isa = PBXFileReference; explicitFileType = wrapper.cfbundle; includeInIndex = 0; path = CurrencyConverterUITests.xctest; sourceTree = BUILT_PRODUCTS_DIR; };
		70335448263DA932000C67D9 /* CurrencyConverterUITests.swift */ = {isa = PBXFileReference; lastKnownFileType = sourcecode.swift; path = CurrencyConverterUITests.swift; sourceTree = "<group>"; };
		7033544A263DA932000C67D9 /* Info.plist */ = {isa = PBXFileReference; lastKnownFileType = text.plist.xml; path = Info.plist; sourceTree = "<group>"; };
		7033545A263DAB98000C67D9 /* NetworkTarget.swift */ = {isa = PBXFileReference; lastKnownFileType = sourcecode.swift; path = NetworkTarget.swift; sourceTree = "<group>"; };
		70335462263DACE3000C67D9 /* NetworkConstants.swift */ = {isa = PBXFileReference; lastKnownFileType = sourcecode.swift; path = NetworkConstants.swift; sourceTree = "<group>"; };
		70335467263DAEA9000C67D9 /* NetworkService.swift */ = {isa = PBXFileReference; lastKnownFileType = sourcecode.swift; path = NetworkService.swift; sourceTree = "<group>"; };
		7033546D263DB435000C67D9 /* Codable+Extension.swift */ = {isa = PBXFileReference; lastKnownFileType = sourcecode.swift; path = "Codable+Extension.swift"; sourceTree = "<group>"; };
		70335476263DB82F000C67D9 /* CurrencyTarget.swift */ = {isa = PBXFileReference; lastKnownFileType = sourcecode.swift; path = CurrencyTarget.swift; sourceTree = "<group>"; };
		7033547B263DBCE8000C67D9 /* CurrencyService.swift */ = {isa = PBXFileReference; lastKnownFileType = sourcecode.swift; path = CurrencyService.swift; sourceTree = "<group>"; };
		70335481263E231F000C67D9 /* CurrenciesResponseModel.swift */ = {isa = PBXFileReference; lastKnownFileType = sourcecode.swift; path = CurrenciesResponseModel.swift; sourceTree = "<group>"; };
		7033548A263E429C000C67D9 /* Coordinator.swift */ = {isa = PBXFileReference; lastKnownFileType = sourcecode.swift; path = Coordinator.swift; sourceTree = "<group>"; };
		70335492263E42CD000C67D9 /* CoordinatorOutput.swift */ = {isa = PBXFileReference; lastKnownFileType = sourcecode.swift; path = CoordinatorOutput.swift; sourceTree = "<group>"; };
		70335497263E42E1000C67D9 /* Presentable.swift */ = {isa = PBXFileReference; lastKnownFileType = sourcecode.swift; path = Presentable.swift; sourceTree = "<group>"; };
		7033549D263E4332000C67D9 /* BaseCoordinator.swift */ = {isa = PBXFileReference; lastKnownFileType = sourcecode.swift; path = BaseCoordinator.swift; sourceTree = "<group>"; };
		703354A3263E436C000C67D9 /* Router.swift */ = {isa = PBXFileReference; lastKnownFileType = sourcecode.swift; path = Router.swift; sourceTree = "<group>"; };
		703354A8263E43DA000C67D9 /* RouterProtocol.swift */ = {isa = PBXFileReference; lastKnownFileType = sourcecode.swift; path = RouterProtocol.swift; sourceTree = "<group>"; };
		703354AE263E45F2000C67D9 /* CoordinatorFactory.swift */ = {isa = PBXFileReference; lastKnownFileType = sourcecode.swift; path = CoordinatorFactory.swift; sourceTree = "<group>"; };
		703354B5263E464B000C67D9 /* HomeCoordinator.swift */ = {isa = PBXFileReference; lastKnownFileType = sourcecode.swift; path = HomeCoordinator.swift; sourceTree = "<group>"; };
		703354BB263E4687000C67D9 /* HomeModuleFactory.swift */ = {isa = PBXFileReference; lastKnownFileType = sourcecode.swift; path = HomeModuleFactory.swift; sourceTree = "<group>"; };
		703354C3263E46DB000C67D9 /* ModuleFactory.swift */ = {isa = PBXFileReference; lastKnownFileType = sourcecode.swift; path = ModuleFactory.swift; sourceTree = "<group>"; };
		705A921E263EE84600D9FC95 /* AppCoordinator.swift */ = {isa = PBXFileReference; lastKnownFileType = sourcecode.swift; path = AppCoordinator.swift; sourceTree = "<group>"; };
		705A9225263EE9A500D9FC95 /* ViewCoding.swift */ = {isa = PBXFileReference; lastKnownFileType = sourcecode.swift; path = ViewCoding.swift; sourceTree = "<group>"; };
		705A9231263EED9600D9FC95 /* UIView+Extension.swift */ = {isa = PBXFileReference; lastKnownFileType = sourcecode.swift; path = "UIView+Extension.swift"; sourceTree = "<group>"; };
		705A923D263EF33A00D9FC95 /* SelectCurrencyViewController.swift */ = {isa = PBXFileReference; lastKnownFileType = sourcecode.swift; path = SelectCurrencyViewController.swift; sourceTree = "<group>"; };
		705A9242263EF5BA00D9FC95 /* SelectCurrencyModuleFactory.swift */ = {isa = PBXFileReference; lastKnownFileType = sourcecode.swift; path = SelectCurrencyModuleFactory.swift; sourceTree = "<group>"; };
		705A9247263EFDEC00D9FC95 /* HomeConvertViewModel.swift */ = {isa = PBXFileReference; lastKnownFileType = sourcecode.swift; path = HomeConvertViewModel.swift; sourceTree = "<group>"; };
		705A924C263F014B00D9FC95 /* ConversionResponseModel.swift */ = {isa = PBXFileReference; lastKnownFileType = sourcecode.swift; path = ConversionResponseModel.swift; sourceTree = "<group>"; };
		705A9251263F3D7A00D9FC95 /* SelectCurrencyDelegate.swift */ = {isa = PBXFileReference; lastKnownFileType = sourcecode.swift; path = SelectCurrencyDelegate.swift; sourceTree = "<group>"; };
		705A9256263F427D00D9FC95 /* SelectCurrencyTableViewCell.swift */ = {isa = PBXFileReference; lastKnownFileType = sourcecode.swift; path = SelectCurrencyTableViewCell.swift; sourceTree = "<group>"; };
		705A925E263F4A2600D9FC95 /* SelectCurrencyViewModel.swift */ = {isa = PBXFileReference; lastKnownFileType = sourcecode.swift; path = SelectCurrencyViewModel.swift; sourceTree = "<group>"; };
		705A9264263F62D700D9FC95 /* CCButton.swift */ = {isa = PBXFileReference; lastKnownFileType = sourcecode.swift; path = CCButton.swift; sourceTree = "<group>"; };
		705A926C263F6D0400D9FC95 /* CCSelectionCurrencyView.swift */ = {isa = PBXFileReference; lastKnownFileType = sourcecode.swift; path = CCSelectionCurrencyView.swift; sourceTree = "<group>"; };
		705A9278263F83E300D9FC95 /* CoreDataStack.swift */ = {isa = PBXFileReference; lastKnownFileType = sourcecode.swift; path = CoreDataStack.swift; sourceTree = "<group>"; };
		705A9280263F86D800D9FC95 /* CoreDataController.swift */ = {isa = PBXFileReference; lastKnownFileType = sourcecode.swift; path = CoreDataController.swift; sourceTree = "<group>"; };
		705A9285263F873C00D9FC95 /* DataManager.swift */ = {isa = PBXFileReference; lastKnownFileType = sourcecode.swift; path = DataManager.swift; sourceTree = "<group>"; };
		70A064E3264184CF00370E53 /* HomeViewModelTest.swift */ = {isa = PBXFileReference; lastKnownFileType = sourcecode.swift; path = HomeViewModelTest.swift; sourceTree = "<group>"; };
		70A064EB2641859800370E53 /* CurrencyServiceMock.swift */ = {isa = PBXFileReference; lastKnownFileType = sourcecode.swift; path = CurrencyServiceMock.swift; sourceTree = "<group>"; };
		70A064F02641871400370E53 /* TestDataGenerator.swift */ = {isa = PBXFileReference; lastKnownFileType = sourcecode.swift; path = TestDataGenerator.swift; sourceTree = "<group>"; };
		70A064F526418C2400370E53 /* HomeViewMock.swift */ = {isa = PBXFileReference; lastKnownFileType = sourcecode.swift; path = HomeViewMock.swift; sourceTree = "<group>"; };
		70A064FF2641E0B000370E53 /* DataManagerTest.swift */ = {isa = PBXFileReference; lastKnownFileType = sourcecode.swift; path = DataManagerTest.swift; sourceTree = "<group>"; };
		70A0650526421AF800370E53 /* SelectCurrencyViewModelTest.swift */ = {isa = PBXFileReference; lastKnownFileType = sourcecode.swift; path = SelectCurrencyViewModelTest.swift; sourceTree = "<group>"; };
		70A0650D26421B0F00370E53 /* SelectCurrencyViewMock.swift */ = {isa = PBXFileReference; lastKnownFileType = sourcecode.swift; path = SelectCurrencyViewMock.swift; sourceTree = "<group>"; };
		70ED454926403061006E4FBA /* Connectivity.swift */ = {isa = PBXFileReference; lastKnownFileType = sourcecode.swift; path = Connectivity.swift; sourceTree = "<group>"; };
		70ED455C26403C00006E4FBA /* SelectCurrencyFilter.swift */ = {isa = PBXFileReference; lastKnownFileType = sourcecode.swift; path = SelectCurrencyFilter.swift; sourceTree = "<group>"; };
		70ED4562264093EC006E4FBA /* UserDefaults+Extension.swift */ = {isa = PBXFileReference; lastKnownFileType = sourcecode.swift; path = "UserDefaults+Extension.swift"; sourceTree = "<group>"; };
		70ED45692640BD9F006E4FBA /* SelectCurrencyViewController+DelegateDataSource.swift */ = {isa = PBXFileReference; lastKnownFileType = sourcecode.swift; path = "SelectCurrencyViewController+DelegateDataSource.swift"; sourceTree = "<group>"; };
		70ED45712640C197006E4FBA /* CCTextField.swift */ = {isa = PBXFileReference; lastKnownFileType = sourcecode.swift; path = CCTextField.swift; sourceTree = "<group>"; };
		70ED45762640D935006E4FBA /* CurrencyServiceError.swift */ = {isa = PBXFileReference; lastKnownFileType = sourcecode.swift; path = CurrencyServiceError.swift; sourceTree = "<group>"; };
		70ED457B2640DAFC006E4FBA /* RequestErrorModel.swift */ = {isa = PBXFileReference; lastKnownFileType = sourcecode.swift; path = RequestErrorModel.swift; sourceTree = "<group>"; };
/* End PBXFileReference section */

/* Begin PBXFrameworksBuildPhase section */
		7033541D263DA92F000C67D9 /* Frameworks */ = {
			isa = PBXFrameworksBuildPhase;
			buildActionMask = 2147483647;
			files = (
			);
			runOnlyForDeploymentPostprocessing = 0;
		};
		70335436263DA932000C67D9 /* Frameworks */ = {
			isa = PBXFrameworksBuildPhase;
			buildActionMask = 2147483647;
			files = (
			);
			runOnlyForDeploymentPostprocessing = 0;
		};
		70335441263DA932000C67D9 /* Frameworks */ = {
			isa = PBXFrameworksBuildPhase;
			buildActionMask = 2147483647;
			files = (
			);
			runOnlyForDeploymentPostprocessing = 0;
		};
/* End PBXFrameworksBuildPhase section */

/* Begin PBXGroup section */
		70335417263DA92E000C67D9 = {
			isa = PBXGroup;
			children = (
				70335422263DA92F000C67D9 /* CurrencyConverter */,
				7033543C263DA932000C67D9 /* CurrencyConverterTests */,
				70335447263DA932000C67D9 /* CurrencyConverterUITests */,
				70335421263DA92F000C67D9 /* Products */,
			);
			sourceTree = "<group>";
		};
		70335421263DA92F000C67D9 /* Products */ = {
			isa = PBXGroup;
			children = (
				70335420263DA92F000C67D9 /* CurrencyConverter.app */,
				70335439263DA932000C67D9 /* CurrencyConverterTests.xctest */,
				70335444263DA932000C67D9 /* CurrencyConverterUITests.xctest */,
			);
			name = Products;
			sourceTree = "<group>";
		};
		70335422263DA92F000C67D9 /* CurrencyConverter */ = {
			isa = PBXGroup;
			children = (
				705A9277263F820000D9FC95 /* DataManager */,
				705A9263263F62BB00D9FC95 /* Components */,
				705A922D263EE9BC00D9FC95 /* Commom */,
				705A9223263EE8C900D9FC95 /* Application */,
				703354B3263E4630000C67D9 /* FLows */,
				70335489263E4285000C67D9 /* Coordinator */,
				70335480263E22FA000C67D9 /* Models */,
				7033546C263DB40F000C67D9 /* Extensions */,
				70335459263DA9B6000C67D9 /* Networking */,
				7033542F263DA932000C67D9 /* Assets.xcassets */,
				70335431263DA932000C67D9 /* LaunchScreen.storyboard */,
				70335434263DA932000C67D9 /* Info.plist */,
				7033542C263DA92F000C67D9 /* CurrencyConverter.xcdatamodeld */,
			);
			path = CurrencyConverter;
			sourceTree = "<group>";
		};
		7033543C263DA932000C67D9 /* CurrencyConverterTests */ = {
			isa = PBXGroup;
			children = (
				70A0651E2642339E00370E53 /* Utils */,
				70A0651D2642339300370E53 /* Service */,
				70A0651C2642337D00370E53 /* DataManager */,
				70A0650426421A2A00370E53 /* SelectCurrency */,
				70A064E2264184A300370E53 /* Home */,
				7033543F263DA932000C67D9 /* Info.plist */,
			);
			path = CurrencyConverterTests;
			sourceTree = "<group>";
		};
		70335447263DA932000C67D9 /* CurrencyConverterUITests */ = {
			isa = PBXGroup;
			children = (
				70335448263DA932000C67D9 /* CurrencyConverterUITests.swift */,
				7033544A263DA932000C67D9 /* Info.plist */,
			);
			path = CurrencyConverterUITests;
			sourceTree = "<group>";
		};
		70335459263DA9B6000C67D9 /* Networking */ = {
			isa = PBXGroup;
			children = (
				70335475263DB7F9000C67D9 /* Converter */,
				7033545A263DAB98000C67D9 /* NetworkTarget.swift */,
				70335462263DACE3000C67D9 /* NetworkConstants.swift */,
				70335467263DAEA9000C67D9 /* NetworkService.swift */,
				70ED457B2640DAFC006E4FBA /* RequestErrorModel.swift */,
			);
			path = Networking;
			sourceTree = "<group>";
		};
		7033546C263DB40F000C67D9 /* Extensions */ = {
			isa = PBXGroup;
			children = (
				7033546D263DB435000C67D9 /* Codable+Extension.swift */,
				705A9231263EED9600D9FC95 /* UIView+Extension.swift */,
				70ED4562264093EC006E4FBA /* UserDefaults+Extension.swift */,
			);
			path = Extensions;
			sourceTree = "<group>";
		};
		70335475263DB7F9000C67D9 /* Converter */ = {
			isa = PBXGroup;
			children = (
				70335476263DB82F000C67D9 /* CurrencyTarget.swift */,
				7033547B263DBCE8000C67D9 /* CurrencyService.swift */,
				70ED45762640D935006E4FBA /* CurrencyServiceError.swift */,
			);
			path = Converter;
			sourceTree = "<group>";
		};
		70335480263E22FA000C67D9 /* Models */ = {
			isa = PBXGroup;
			children = (
				70335481263E231F000C67D9 /* CurrenciesResponseModel.swift */,
				705A924C263F014B00D9FC95 /* ConversionResponseModel.swift */,
			);
			path = Models;
			sourceTree = "<group>";
		};
		70335489263E4285000C67D9 /* Coordinator */ = {
			isa = PBXGroup;
			children = (
				705A9224263EE8E200D9FC95 /* Protocols */,
				703354AD263E44E0000C67D9 /* Factories */,
				703354A2263E435C000C67D9 /* Router */,
				7033549C263E431F000C67D9 /* Parents */,
				705A921E263EE84600D9FC95 /* AppCoordinator.swift */,
			);
			path = Coordinator;
			sourceTree = "<group>";
		};
		7033549C263E431F000C67D9 /* Parents */ = {
			isa = PBXGroup;
			children = (
				7033549D263E4332000C67D9 /* BaseCoordinator.swift */,
			);
			path = Parents;
			sourceTree = "<group>";
		};
		703354A2263E435C000C67D9 /* Router */ = {
			isa = PBXGroup;
			children = (
				703354A3263E436C000C67D9 /* Router.swift */,
				703354A8263E43DA000C67D9 /* RouterProtocol.swift */,
			);
			path = Router;
			sourceTree = "<group>";
		};
		703354AD263E44E0000C67D9 /* Factories */ = {
			isa = PBXGroup;
			children = (
				703354BB263E4687000C67D9 /* HomeModuleFactory.swift */,
				703354AE263E45F2000C67D9 /* CoordinatorFactory.swift */,
				703354C3263E46DB000C67D9 /* ModuleFactory.swift */,
				705A9242263EF5BA00D9FC95 /* SelectCurrencyModuleFactory.swift */,
			);
			path = Factories;
			sourceTree = "<group>";
		};
		703354B3263E4630000C67D9 /* FLows */ = {
			isa = PBXGroup;
			children = (
				705A923C263EF31600D9FC95 /* SelectCurrency */,
				703354B4263E463A000C67D9 /* HomeFlow */,
			);
			path = FLows;
			sourceTree = "<group>";
		};
		703354B4263E463A000C67D9 /* HomeFlow */ = {
			isa = PBXGroup;
			children = (
				70A0651826422B4F00370E53 /* ViewModel */,
				70335427263DA92F000C67D9 /* HomeViewController.swift */,
				703354B5263E464B000C67D9 /* HomeCoordinator.swift */,
			);
			path = HomeFlow;
			sourceTree = "<group>";
		};
		705A9223263EE8C900D9FC95 /* Application */ = {
			isa = PBXGroup;
			children = (
				70335423263DA92F000C67D9 /* AppDelegate.swift */,
				70335425263DA92F000C67D9 /* SceneDelegate.swift */,
			);
			path = Application;
			sourceTree = "<group>";
		};
		705A9224263EE8E200D9FC95 /* Protocols */ = {
			isa = PBXGroup;
			children = (
				70335497263E42E1000C67D9 /* Presentable.swift */,
				7033548A263E429C000C67D9 /* Coordinator.swift */,
				70335492263E42CD000C67D9 /* CoordinatorOutput.swift */,
			);
			path = Protocols;
			sourceTree = "<group>";
		};
		705A922D263EE9BC00D9FC95 /* Commom */ = {
			isa = PBXGroup;
			children = (
				705A9225263EE9A500D9FC95 /* ViewCoding.swift */,
				70ED454926403061006E4FBA /* Connectivity.swift */,
			);
			path = Commom;
			sourceTree = "<group>";
		};
		705A923C263EF31600D9FC95 /* SelectCurrency */ = {
			isa = PBXGroup;
			children = (
				70ED45682640BD42006E4FBA /* ViewModel */,
				70ED45672640BD37006E4FBA /* VIews */,
				705A9251263F3D7A00D9FC95 /* SelectCurrencyDelegate.swift */,
				70ED455C26403C00006E4FBA /* SelectCurrencyFilter.swift */,
			);
			path = SelectCurrency;
			sourceTree = "<group>";
		};
		705A9263263F62BB00D9FC95 /* Components */ = {
			isa = PBXGroup;
			children = (
				705A9264263F62D700D9FC95 /* CCButton.swift */,
				705A926C263F6D0400D9FC95 /* CCSelectionCurrencyView.swift */,
				70ED45712640C197006E4FBA /* CCTextField.swift */,
			);
			path = Components;
			sourceTree = "<group>";
		};
		705A9277263F820000D9FC95 /* DataManager */ = {
			isa = PBXGroup;
			children = (
				705A9278263F83E300D9FC95 /* CoreDataStack.swift */,
				705A9280263F86D800D9FC95 /* CoreDataController.swift */,
				705A9285263F873C00D9FC95 /* DataManager.swift */,
			);
			path = DataManager;
			sourceTree = "<group>";
		};
		70A064E2264184A300370E53 /* Home */ = {
			isa = PBXGroup;
			children = (
				70A064E3264184CF00370E53 /* HomeViewModelTest.swift */,
				70A064F526418C2400370E53 /* HomeViewMock.swift */,
			);
			path = Home;
			sourceTree = "<group>";
		};
		70A0650426421A2A00370E53 /* SelectCurrency */ = {
			isa = PBXGroup;
			children = (
				70A0650526421AF800370E53 /* SelectCurrencyViewModelTest.swift */,
				70A0650D26421B0F00370E53 /* SelectCurrencyViewMock.swift */,
			);
			path = SelectCurrency;
			sourceTree = "<group>";
		};
		70A0651826422B4F00370E53 /* ViewModel */ = {
			isa = PBXGroup;
			children = (
				705A9247263EFDEC00D9FC95 /* HomeConvertViewModel.swift */,
			);
			path = ViewModel;
			sourceTree = "<group>";
		};
		70A0651C2642337D00370E53 /* DataManager */ = {
			isa = PBXGroup;
			children = (
				70A064FF2641E0B000370E53 /* DataManagerTest.swift */,
			);
			path = DataManager;
			sourceTree = "<group>";
		};
		70A0651D2642339300370E53 /* Service */ = {
			isa = PBXGroup;
			children = (
				70A064EB2641859800370E53 /* CurrencyServiceMock.swift */,
				7000530228B70CE60062F749 /* DataManagerMock.swift */,
				7000530428B71A2D0062F749 /* ConnectivityMock.swift */,
			);
			path = Service;
			sourceTree = "<group>";
		};
		70A0651E2642339E00370E53 /* Utils */ = {
			isa = PBXGroup;
			children = (
				70A064F02641871400370E53 /* TestDataGenerator.swift */,
			);
			path = Utils;
			sourceTree = "<group>";
		};
		70ED45672640BD37006E4FBA /* VIews */ = {
			isa = PBXGroup;
			children = (
				705A9256263F427D00D9FC95 /* SelectCurrencyTableViewCell.swift */,
				705A923D263EF33A00D9FC95 /* SelectCurrencyViewController.swift */,
				70ED45692640BD9F006E4FBA /* SelectCurrencyViewController+DelegateDataSource.swift */,
			);
			path = VIews;
			sourceTree = "<group>";
		};
		70ED45682640BD42006E4FBA /* ViewModel */ = {
			isa = PBXGroup;
			children = (
				705A925E263F4A2600D9FC95 /* SelectCurrencyViewModel.swift */,
			);
			path = ViewModel;
			sourceTree = "<group>";
		};
/* End PBXGroup section */

/* Begin PBXNativeTarget section */
		7033541F263DA92F000C67D9 /* CurrencyConverter */ = {
			isa = PBXNativeTarget;
			buildConfigurationList = 7033544D263DA932000C67D9 /* Build configuration list for PBXNativeTarget "CurrencyConverter" */;
			buildPhases = (
				7033541C263DA92F000C67D9 /* Sources */,
				7033541D263DA92F000C67D9 /* Frameworks */,
				7033541E263DA92F000C67D9 /* Resources */,
			);
			buildRules = (
			);
			dependencies = (
			);
			name = CurrencyConverter;
			productName = CurrencyConverter;
			productReference = 70335420263DA92F000C67D9 /* CurrencyConverter.app */;
			productType = "com.apple.product-type.application";
		};
		70335438263DA932000C67D9 /* CurrencyConverterTests */ = {
			isa = PBXNativeTarget;
			buildConfigurationList = 70335450263DA932000C67D9 /* Build configuration list for PBXNativeTarget "CurrencyConverterTests" */;
			buildPhases = (
				70335435263DA932000C67D9 /* Sources */,
				70335436263DA932000C67D9 /* Frameworks */,
				70335437263DA932000C67D9 /* Resources */,
			);
			buildRules = (
			);
			dependencies = (
				7033543B263DA932000C67D9 /* PBXTargetDependency */,
			);
			name = CurrencyConverterTests;
			productName = CurrencyConverterTests;
			productReference = 70335439263DA932000C67D9 /* CurrencyConverterTests.xctest */;
			productType = "com.apple.product-type.bundle.unit-test";
		};
		70335443263DA932000C67D9 /* CurrencyConverterUITests */ = {
			isa = PBXNativeTarget;
			buildConfigurationList = 70335453263DA932000C67D9 /* Build configuration list for PBXNativeTarget "CurrencyConverterUITests" */;
			buildPhases = (
				70335440263DA932000C67D9 /* Sources */,
				70335441263DA932000C67D9 /* Frameworks */,
				70335442263DA932000C67D9 /* Resources */,
			);
			buildRules = (
			);
			dependencies = (
				70335446263DA932000C67D9 /* PBXTargetDependency */,
			);
			name = CurrencyConverterUITests;
			productName = CurrencyConverterUITests;
			productReference = 70335444263DA932000C67D9 /* CurrencyConverterUITests.xctest */;
			productType = "com.apple.product-type.bundle.ui-testing";
		};
/* End PBXNativeTarget section */

/* Begin PBXProject section */
		70335418263DA92F000C67D9 /* Project object */ = {
			isa = PBXProject;
			attributes = {
				LastSwiftUpdateCheck = 1220;
				LastUpgradeCheck = 1220;
				TargetAttributes = {
					7033541F263DA92F000C67D9 = {
						CreatedOnToolsVersion = 12.2;
					};
					70335438263DA932000C67D9 = {
						CreatedOnToolsVersion = 12.2;
						TestTargetID = 7033541F263DA92F000C67D9;
					};
					70335443263DA932000C67D9 = {
						CreatedOnToolsVersion = 12.2;
						TestTargetID = 7033541F263DA92F000C67D9;
					};
				};
			};
			buildConfigurationList = 7033541B263DA92F000C67D9 /* Build configuration list for PBXProject "CurrencyConverter" */;
			compatibilityVersion = "Xcode 9.3";
			developmentRegion = en;
			hasScannedForEncodings = 0;
			knownRegions = (
				en,
				Base,
			);
			mainGroup = 70335417263DA92E000C67D9;
			productRefGroup = 70335421263DA92F000C67D9 /* Products */;
			projectDirPath = "";
			projectRoot = "";
			targets = (
				7033541F263DA92F000C67D9 /* CurrencyConverter */,
				70335438263DA932000C67D9 /* CurrencyConverterTests */,
				70335443263DA932000C67D9 /* CurrencyConverterUITests */,
			);
		};
/* End PBXProject section */

/* Begin PBXResourcesBuildPhase section */
		7033541E263DA92F000C67D9 /* Resources */ = {
			isa = PBXResourcesBuildPhase;
			buildActionMask = 2147483647;
			files = (
				70335433263DA932000C67D9 /* LaunchScreen.storyboard in Resources */,
				70335430263DA932000C67D9 /* Assets.xcassets in Resources */,
			);
			runOnlyForDeploymentPostprocessing = 0;
		};
		70335437263DA932000C67D9 /* Resources */ = {
			isa = PBXResourcesBuildPhase;
			buildActionMask = 2147483647;
			files = (
			);
			runOnlyForDeploymentPostprocessing = 0;
		};
		70335442263DA932000C67D9 /* Resources */ = {
			isa = PBXResourcesBuildPhase;
			buildActionMask = 2147483647;
			files = (
			);
			runOnlyForDeploymentPostprocessing = 0;
		};
/* End PBXResourcesBuildPhase section */

/* Begin PBXSourcesBuildPhase section */
		7033541C263DA92F000C67D9 /* Sources */ = {
			isa = PBXSourcesBuildPhase;
			buildActionMask = 2147483647;
			files = (
				705A9252263F3D7A00D9FC95 /* SelectCurrencyDelegate.swift in Sources */,
				705A925F263F4A2600D9FC95 /* SelectCurrencyViewModel.swift in Sources */,
				705A921F263EE84600D9FC95 /* AppCoordinator.swift in Sources */,
				70ED454A26403061006E4FBA /* Connectivity.swift in Sources */,
				705A9243263EF5BA00D9FC95 /* SelectCurrencyModuleFactory.swift in Sources */,
				7033547C263DBCE8000C67D9 /* CurrencyService.swift in Sources */,
				70ED455D26403C00006E4FBA /* SelectCurrencyFilter.swift in Sources */,
				703354BC263E4687000C67D9 /* HomeModuleFactory.swift in Sources */,
				70335463263DACE3000C67D9 /* NetworkConstants.swift in Sources */,
				70335428263DA92F000C67D9 /* HomeViewController.swift in Sources */,
				7033542E263DA92F000C67D9 /* CurrencyConverter.xcdatamodeld in Sources */,
				70335477263DB82F000C67D9 /* CurrencyTarget.swift in Sources */,
				70335493263E42CD000C67D9 /* CoordinatorOutput.swift in Sources */,
				705A9265263F62D700D9FC95 /* CCButton.swift in Sources */,
				70ED457C2640DAFC006E4FBA /* RequestErrorModel.swift in Sources */,
				7033546E263DB435000C67D9 /* Codable+Extension.swift in Sources */,
				70335482263E231F000C67D9 /* CurrenciesResponseModel.swift in Sources */,
				703354A4263E436C000C67D9 /* Router.swift in Sources */,
				705A9226263EE9A500D9FC95 /* ViewCoding.swift in Sources */,
				70ED45722640C197006E4FBA /* CCTextField.swift in Sources */,
				705A9257263F427D00D9FC95 /* SelectCurrencyTableViewCell.swift in Sources */,
				705A9281263F86D800D9FC95 /* CoreDataController.swift in Sources */,
				703354A9263E43DA000C67D9 /* RouterProtocol.swift in Sources */,
				70335424263DA92F000C67D9 /* AppDelegate.swift in Sources */,
				70ED4563264093EC006E4FBA /* UserDefaults+Extension.swift in Sources */,
				705A9248263EFDEC00D9FC95 /* HomeConvertViewModel.swift in Sources */,
				7033548B263E429C000C67D9 /* Coordinator.swift in Sources */,
				703354C4263E46DB000C67D9 /* ModuleFactory.swift in Sources */,
				7033549E263E4332000C67D9 /* BaseCoordinator.swift in Sources */,
				70ED456A2640BD9F006E4FBA /* SelectCurrencyViewController+DelegateDataSource.swift in Sources */,
				70335426263DA92F000C67D9 /* SceneDelegate.swift in Sources */,
				705A9286263F873C00D9FC95 /* DataManager.swift in Sources */,
				70ED45772640D935006E4FBA /* CurrencyServiceError.swift in Sources */,
				705A9232263EED9600D9FC95 /* UIView+Extension.swift in Sources */,
				7033545B263DAB98000C67D9 /* NetworkTarget.swift in Sources */,
				705A923E263EF33A00D9FC95 /* SelectCurrencyViewController.swift in Sources */,
				703354AF263E45F2000C67D9 /* CoordinatorFactory.swift in Sources */,
				70335468263DAEA9000C67D9 /* NetworkService.swift in Sources */,
				705A9279263F83E300D9FC95 /* CoreDataStack.swift in Sources */,
				70335498263E42E1000C67D9 /* Presentable.swift in Sources */,
				705A926D263F6D0400D9FC95 /* CCSelectionCurrencyView.swift in Sources */,
				705A924D263F014B00D9FC95 /* ConversionResponseModel.swift in Sources */,
				703354B6263E464B000C67D9 /* HomeCoordinator.swift in Sources */,
			);
			runOnlyForDeploymentPostprocessing = 0;
		};
		70335435263DA932000C67D9 /* Sources */ = {
			isa = PBXSourcesBuildPhase;
			buildActionMask = 2147483647;
			files = (
				70A0650626421AF800370E53 /* SelectCurrencyViewModelTest.swift in Sources */,
				70A064F626418C2400370E53 /* HomeViewMock.swift in Sources */,
				7000530528B71A2D0062F749 /* ConnectivityMock.swift in Sources */,
				70A064E4264184CF00370E53 /* HomeViewModelTest.swift in Sources */,
				70A065002641E0B000370E53 /* DataManagerTest.swift in Sources */,
				70A064EC2641859800370E53 /* CurrencyServiceMock.swift in Sources */,
				70A064F12641871400370E53 /* TestDataGenerator.swift in Sources */,
				70A0650E26421B0F00370E53 /* SelectCurrencyViewMock.swift in Sources */,
				7000530328B70CE60062F749 /* DataManagerMock.swift in Sources */,
			);
			runOnlyForDeploymentPostprocessing = 0;
		};
		70335440263DA932000C67D9 /* Sources */ = {
			isa = PBXSourcesBuildPhase;
			buildActionMask = 2147483647;
			files = (
				70335449263DA932000C67D9 /* CurrencyConverterUITests.swift in Sources */,
			);
			runOnlyForDeploymentPostprocessing = 0;
		};
/* End PBXSourcesBuildPhase section */

/* Begin PBXTargetDependency section */
		7033543B263DA932000C67D9 /* PBXTargetDependency */ = {
			isa = PBXTargetDependency;
			target = 7033541F263DA92F000C67D9 /* CurrencyConverter */;
			targetProxy = 7033543A263DA932000C67D9 /* PBXContainerItemProxy */;
		};
		70335446263DA932000C67D9 /* PBXTargetDependency */ = {
			isa = PBXTargetDependency;
			target = 7033541F263DA92F000C67D9 /* CurrencyConverter */;
			targetProxy = 70335445263DA932000C67D9 /* PBXContainerItemProxy */;
		};
/* End PBXTargetDependency section */

/* Begin PBXVariantGroup section */
		70335431263DA932000C67D9 /* LaunchScreen.storyboard */ = {
			isa = PBXVariantGroup;
			children = (
				70335432263DA932000C67D9 /* Base */,
			);
			name = LaunchScreen.storyboard;
			sourceTree = "<group>";
		};
/* End PBXVariantGroup section */

/* Begin XCBuildConfiguration section */
		7033544B263DA932000C67D9 /* Debug */ = {
			isa = XCBuildConfiguration;
			buildSettings = {
				ALWAYS_SEARCH_USER_PATHS = NO;
				CLANG_ANALYZER_NONNULL = YES;
				CLANG_ANALYZER_NUMBER_OBJECT_CONVERSION = YES_AGGRESSIVE;
				CLANG_CXX_LANGUAGE_STANDARD = "gnu++14";
				CLANG_CXX_LIBRARY = "libc++";
				CLANG_ENABLE_MODULES = YES;
				CLANG_ENABLE_OBJC_ARC = YES;
				CLANG_ENABLE_OBJC_WEAK = YES;
				CLANG_WARN_BLOCK_CAPTURE_AUTORELEASING = YES;
				CLANG_WARN_BOOL_CONVERSION = YES;
				CLANG_WARN_COMMA = YES;
				CLANG_WARN_CONSTANT_CONVERSION = YES;
				CLANG_WARN_DEPRECATED_OBJC_IMPLEMENTATIONS = YES;
				CLANG_WARN_DIRECT_OBJC_ISA_USAGE = YES_ERROR;
				CLANG_WARN_DOCUMENTATION_COMMENTS = YES;
				CLANG_WARN_EMPTY_BODY = YES;
				CLANG_WARN_ENUM_CONVERSION = YES;
				CLANG_WARN_INFINITE_RECURSION = YES;
				CLANG_WARN_INT_CONVERSION = YES;
				CLANG_WARN_NON_LITERAL_NULL_CONVERSION = YES;
				CLANG_WARN_OBJC_IMPLICIT_RETAIN_SELF = YES;
				CLANG_WARN_OBJC_LITERAL_CONVERSION = YES;
				CLANG_WARN_OBJC_ROOT_CLASS = YES_ERROR;
				CLANG_WARN_QUOTED_INCLUDE_IN_FRAMEWORK_HEADER = YES;
				CLANG_WARN_RANGE_LOOP_ANALYSIS = YES;
				CLANG_WARN_STRICT_PROTOTYPES = YES;
				CLANG_WARN_SUSPICIOUS_MOVE = YES;
				CLANG_WARN_UNGUARDED_AVAILABILITY = YES_AGGRESSIVE;
				CLANG_WARN_UNREACHABLE_CODE = YES;
				CLANG_WARN__DUPLICATE_METHOD_MATCH = YES;
				COPY_PHASE_STRIP = NO;
				DEBUG_INFORMATION_FORMAT = dwarf;
				ENABLE_STRICT_OBJC_MSGSEND = YES;
				ENABLE_TESTABILITY = YES;
				GCC_C_LANGUAGE_STANDARD = gnu11;
				GCC_DYNAMIC_NO_PIC = NO;
				GCC_NO_COMMON_BLOCKS = YES;
				GCC_OPTIMIZATION_LEVEL = 0;
				GCC_PREPROCESSOR_DEFINITIONS = (
					"DEBUG=1",
					"$(inherited)",
				);
				GCC_WARN_64_TO_32_BIT_CONVERSION = YES;
				GCC_WARN_ABOUT_RETURN_TYPE = YES_ERROR;
				GCC_WARN_UNDECLARED_SELECTOR = YES;
				GCC_WARN_UNINITIALIZED_AUTOS = YES_AGGRESSIVE;
				GCC_WARN_UNUSED_FUNCTION = YES;
				GCC_WARN_UNUSED_VARIABLE = YES;
				IPHONEOS_DEPLOYMENT_TARGET = 14.2;
				MTL_ENABLE_DEBUG_INFO = INCLUDE_SOURCE;
				MTL_FAST_MATH = YES;
				ONLY_ACTIVE_ARCH = YES;
				SDKROOT = iphoneos;
				SWIFT_ACTIVE_COMPILATION_CONDITIONS = DEBUG;
				SWIFT_OPTIMIZATION_LEVEL = "-Onone";
			};
			name = Debug;
		};
		7033544C263DA932000C67D9 /* Release */ = {
			isa = XCBuildConfiguration;
			buildSettings = {
				ALWAYS_SEARCH_USER_PATHS = NO;
				CLANG_ANALYZER_NONNULL = YES;
				CLANG_ANALYZER_NUMBER_OBJECT_CONVERSION = YES_AGGRESSIVE;
				CLANG_CXX_LANGUAGE_STANDARD = "gnu++14";
				CLANG_CXX_LIBRARY = "libc++";
				CLANG_ENABLE_MODULES = YES;
				CLANG_ENABLE_OBJC_ARC = YES;
				CLANG_ENABLE_OBJC_WEAK = YES;
				CLANG_WARN_BLOCK_CAPTURE_AUTORELEASING = YES;
				CLANG_WARN_BOOL_CONVERSION = YES;
				CLANG_WARN_COMMA = YES;
				CLANG_WARN_CONSTANT_CONVERSION = YES;
				CLANG_WARN_DEPRECATED_OBJC_IMPLEMENTATIONS = YES;
				CLANG_WARN_DIRECT_OBJC_ISA_USAGE = YES_ERROR;
				CLANG_WARN_DOCUMENTATION_COMMENTS = YES;
				CLANG_WARN_EMPTY_BODY = YES;
				CLANG_WARN_ENUM_CONVERSION = YES;
				CLANG_WARN_INFINITE_RECURSION = YES;
				CLANG_WARN_INT_CONVERSION = YES;
				CLANG_WARN_NON_LITERAL_NULL_CONVERSION = YES;
				CLANG_WARN_OBJC_IMPLICIT_RETAIN_SELF = YES;
				CLANG_WARN_OBJC_LITERAL_CONVERSION = YES;
				CLANG_WARN_OBJC_ROOT_CLASS = YES_ERROR;
				CLANG_WARN_QUOTED_INCLUDE_IN_FRAMEWORK_HEADER = YES;
				CLANG_WARN_RANGE_LOOP_ANALYSIS = YES;
				CLANG_WARN_STRICT_PROTOTYPES = YES;
				CLANG_WARN_SUSPICIOUS_MOVE = YES;
				CLANG_WARN_UNGUARDED_AVAILABILITY = YES_AGGRESSIVE;
				CLANG_WARN_UNREACHABLE_CODE = YES;
				CLANG_WARN__DUPLICATE_METHOD_MATCH = YES;
				COPY_PHASE_STRIP = NO;
				DEBUG_INFORMATION_FORMAT = "dwarf-with-dsym";
				ENABLE_NS_ASSERTIONS = NO;
				ENABLE_STRICT_OBJC_MSGSEND = YES;
				GCC_C_LANGUAGE_STANDARD = gnu11;
				GCC_NO_COMMON_BLOCKS = YES;
				GCC_WARN_64_TO_32_BIT_CONVERSION = YES;
				GCC_WARN_ABOUT_RETURN_TYPE = YES_ERROR;
				GCC_WARN_UNDECLARED_SELECTOR = YES;
				GCC_WARN_UNINITIALIZED_AUTOS = YES_AGGRESSIVE;
				GCC_WARN_UNUSED_FUNCTION = YES;
				GCC_WARN_UNUSED_VARIABLE = YES;
				IPHONEOS_DEPLOYMENT_TARGET = 14.2;
				MTL_ENABLE_DEBUG_INFO = NO;
				MTL_FAST_MATH = YES;
				SDKROOT = iphoneos;
				SWIFT_COMPILATION_MODE = wholemodule;
				SWIFT_OPTIMIZATION_LEVEL = "-O";
				VALIDATE_PRODUCT = YES;
			};
			name = Release;
		};
		7033544E263DA932000C67D9 /* Debug */ = {
			isa = XCBuildConfiguration;
			buildSettings = {
				ASSETCATALOG_COMPILER_APPICON_NAME = AppIcon;
				ASSETCATALOG_COMPILER_GLOBAL_ACCENT_COLOR_NAME = AccentColor;
				CODE_SIGN_STYLE = Automatic;
				DEVELOPMENT_TEAM = 536JJFH3JQ;
				INFOPLIST_FILE = CurrencyConverter/Info.plist;
				LD_RUNPATH_SEARCH_PATHS = (
					"$(inherited)",
					"@executable_path/Frameworks",
				);
				PRODUCT_BUNDLE_IDENTIFIER = br.com.rangelDias.currencyConverter.CurrencyConverter;
				PRODUCT_NAME = "$(TARGET_NAME)";
				SWIFT_VERSION = 5.0;
				TARGETED_DEVICE_FAMILY = "1,2";
			};
			name = Debug;
		};
		7033544F263DA932000C67D9 /* Release */ = {
			isa = XCBuildConfiguration;
			buildSettings = {
				ASSETCATALOG_COMPILER_APPICON_NAME = AppIcon;
				ASSETCATALOG_COMPILER_GLOBAL_ACCENT_COLOR_NAME = AccentColor;
				CODE_SIGN_STYLE = Automatic;
				DEVELOPMENT_TEAM = 536JJFH3JQ;
				INFOPLIST_FILE = CurrencyConverter/Info.plist;
				LD_RUNPATH_SEARCH_PATHS = (
					"$(inherited)",
					"@executable_path/Frameworks",
				);
				PRODUCT_BUNDLE_IDENTIFIER = br.com.rangelDias.currencyConverter.CurrencyConverter;
				PRODUCT_NAME = "$(TARGET_NAME)";
				SWIFT_VERSION = 5.0;
				TARGETED_DEVICE_FAMILY = "1,2";
			};
			name = Release;
		};
		70335451263DA932000C67D9 /* Debug */ = {
			isa = XCBuildConfiguration;
			buildSettings = {
				ALWAYS_EMBED_SWIFT_STANDARD_LIBRARIES = YES;
				BUNDLE_LOADER = "$(TEST_HOST)";
				CODE_SIGN_STYLE = Automatic;
				DEVELOPMENT_TEAM = 536JJFH3JQ;
				INFOPLIST_FILE = CurrencyConverterTests/Info.plist;
				IPHONEOS_DEPLOYMENT_TARGET = 14.2;
				LD_RUNPATH_SEARCH_PATHS = (
					"$(inherited)",
					"@executable_path/Frameworks",
					"@loader_path/Frameworks",
				);
				PRODUCT_BUNDLE_IDENTIFIER = br.com.rangelDias.currencyConverter.CurrencyConverterTests;
				PRODUCT_NAME = "$(TARGET_NAME)";
				SWIFT_VERSION = 5.0;
				TARGETED_DEVICE_FAMILY = "1,2";
				TEST_HOST = "$(BUILT_PRODUCTS_DIR)/CurrencyConverter.app/CurrencyConverter";
			};
			name = Debug;
		};
		70335452263DA932000C67D9 /* Release */ = {
			isa = XCBuildConfiguration;
			buildSettings = {
				ALWAYS_EMBED_SWIFT_STANDARD_LIBRARIES = YES;
				BUNDLE_LOADER = "$(TEST_HOST)";
				CODE_SIGN_STYLE = Automatic;
				DEVELOPMENT_TEAM = 536JJFH3JQ;
				INFOPLIST_FILE = CurrencyConverterTests/Info.plist;
				IPHONEOS_DEPLOYMENT_TARGET = 14.2;
				LD_RUNPATH_SEARCH_PATHS = (
					"$(inherited)",
					"@executable_path/Frameworks",
					"@loader_path/Frameworks",
				);
				PRODUCT_BUNDLE_IDENTIFIER = br.com.rangelDias.currencyConverter.CurrencyConverterTests;
				PRODUCT_NAME = "$(TARGET_NAME)";
				SWIFT_VERSION = 5.0;
				TARGETED_DEVICE_FAMILY = "1,2";
				TEST_HOST = "$(BUILT_PRODUCTS_DIR)/CurrencyConverter.app/CurrencyConverter";
			};
			name = Release;
		};
		70335454263DA932000C67D9 /* Debug */ = {
			isa = XCBuildConfiguration;
			buildSettings = {
				ALWAYS_EMBED_SWIFT_STANDARD_LIBRARIES = YES;
				CODE_SIGN_STYLE = Automatic;
				DEVELOPMENT_TEAM = 536JJFH3JQ;
				INFOPLIST_FILE = CurrencyConverterUITests/Info.plist;
				LD_RUNPATH_SEARCH_PATHS = (
					"$(inherited)",
					"@executable_path/Frameworks",
					"@loader_path/Frameworks",
				);
				PRODUCT_BUNDLE_IDENTIFIER = br.com.rangelDias.currencyConverter.CurrencyConverterUITests;
				PRODUCT_NAME = "$(TARGET_NAME)";
				SWIFT_VERSION = 5.0;
				TARGETED_DEVICE_FAMILY = "1,2";
				TEST_TARGET_NAME = CurrencyConverter;
			};
			name = Debug;
		};
		70335455263DA932000C67D9 /* Release */ = {
			isa = XCBuildConfiguration;
			buildSettings = {
				ALWAYS_EMBED_SWIFT_STANDARD_LIBRARIES = YES;
				CODE_SIGN_STYLE = Automatic;
				DEVELOPMENT_TEAM = 536JJFH3JQ;
				INFOPLIST_FILE = CurrencyConverterUITests/Info.plist;
				LD_RUNPATH_SEARCH_PATHS = (
					"$(inherited)",
					"@executable_path/Frameworks",
					"@loader_path/Frameworks",
				);
				PRODUCT_BUNDLE_IDENTIFIER = br.com.rangelDias.currencyConverter.CurrencyConverterUITests;
				PRODUCT_NAME = "$(TARGET_NAME)";
				SWIFT_VERSION = 5.0;
				TARGETED_DEVICE_FAMILY = "1,2";
				TEST_TARGET_NAME = CurrencyConverter;
			};
			name = Release;
		};
/* End XCBuildConfiguration section */

/* Begin XCConfigurationList section */
		7033541B263DA92F000C67D9 /* Build configuration list for PBXProject "CurrencyConverter" */ = {
			isa = XCConfigurationList;
			buildConfigurations = (
				7033544B263DA932000C67D9 /* Debug */,
				7033544C263DA932000C67D9 /* Release */,
			);
			defaultConfigurationIsVisible = 0;
			defaultConfigurationName = Release;
		};
		7033544D263DA932000C67D9 /* Build configuration list for PBXNativeTarget "CurrencyConverter" */ = {
			isa = XCConfigurationList;
			buildConfigurations = (
				7033544E263DA932000C67D9 /* Debug */,
				7033544F263DA932000C67D9 /* Release */,
			);
			defaultConfigurationIsVisible = 0;
			defaultConfigurationName = Release;
		};
		70335450263DA932000C67D9 /* Build configuration list for PBXNativeTarget "CurrencyConverterTests" */ = {
			isa = XCConfigurationList;
			buildConfigurations = (
				70335451263DA932000C67D9 /* Debug */,
				70335452263DA932000C67D9 /* Release */,
			);
			defaultConfigurationIsVisible = 0;
			defaultConfigurationName = Release;
		};
		70335453263DA932000C67D9 /* Build configuration list for PBXNativeTarget "CurrencyConverterUITests" */ = {
			isa = XCConfigurationList;
			buildConfigurations = (
				70335454263DA932000C67D9 /* Debug */,
				70335455263DA932000C67D9 /* Release */,
			);
			defaultConfigurationIsVisible = 0;
			defaultConfigurationName = Release;
		};
/* End XCConfigurationList section */

/* Begin XCVersionGroup section */
		7033542C263DA92F000C67D9 /* CurrencyConverter.xcdatamodeld */ = {
			isa = XCVersionGroup;
			children = (
				7033542D263DA92F000C67D9 /* CurrencyConverter.xcdatamodel */,
			);
			currentVersion = 7033542D263DA92F000C67D9 /* CurrencyConverter.xcdatamodel */;
			path = CurrencyConverter.xcdatamodeld;
			sourceTree = "<group>";
			versionGroupType = wrapper.xcdatamodel;
		};
/* End XCVersionGroup section */
	};
	rootObject = 70335418263DA92F000C67D9 /* Project object */;
}
